
Microsoft Visual Studio Solution File, Format Version 12.00
# Visual Studio Version 16
VisualStudioVersion = 16.0.32106.194
MinimumVisualStudioVersion = 10.0.40219.1
Project("{FAE04EC0-301F-11D3-BF4B-00C04F79EFBC}") = "CHAPTER1", "CHAPTER1\CHAPTER1.csproj", "{99DEB5BE-8A2F-4394-9CFE-93B1DDE89435}"
EndProject
Global
	GlobalSection(SolutionConfigurationPlatforms) = preSolution
		Debug|Any CPU = Debug|Any CPU
		Release|Any CPU = Release|Any CPU
	EndGlobalSection
	GlobalSection(ProjectConfigurationPlatforms) = postSolution
		{99DEB5BE-8A2F-4394-9CFE-93B1DDE89435}.Debug|Any CPU.ActiveCfg = Debug|Any CPU
		{99DEB5BE-8A2F-4394-9CFE-93B1DDE89435}.Debug|Any CPU.Build.0 = Debug|Any CPU
		{99DEB5BE-8A2F-4394-9CFE-93B1DDE89435}.Release|Any CPU.ActiveCfg = Release|Any CPU
		{99DEB5BE-8A2F-4394-9CFE-93B1DDE89435}.Release|Any CPU.Build.0 = Release|Any CPU
	EndGlobalSection
	GlobalSection(SolutionProperties) = preSolution
		HideSolutionNode = FALSE
	EndGlobalSection
	GlobalSection(ExtensibilityGlobals) = postSolution
		SolutionGuid = {5A597636-F557-4081-94AE-90CEE715C7DF}
	EndGlobalSection
EndGlobal
